
Microsoft Visual Studio Solution File, Format Version 12.00
# Visual Studio Version 17
VisualStudioVersion = 17.8.34330.188
MinimumVisualStudioVersion = 10.0.40219.1
Project("{9A19103F-16F7-4668-BE54-9A1E7A4F7556}") = "FeedbackApp.Server", "FeedbackApp.Server\FeedbackApp.Server.csproj", "{5FF749EA-EEA4-433D-873F-26CEA9E3D368}"
EndProject
Project("{54A90642-561A-4BB1-A94E-469ADEE60C69}") = "feedbackapp.client", "feedbackapp.client\feedbackapp.client.esproj", "{0FB471B6-206D-4065-9695-86FD8D12A417}"
EndProject
Project("{FAE04EC0-301F-11D3-BF4B-00C04F79EFBC}") = "BackendTests", "BackendTests\BackendTests.csproj", "{B836C429-3F0E-4EA4-9749-54DC9773C54F}"
	ProjectSection(ProjectDependencies) = postProject
		{5FF749EA-EEA4-433D-873F-26CEA9E3D368} = {5FF749EA-EEA4-433D-873F-26CEA9E3D368}
	EndProjectSection
EndProject
Global
	GlobalSection(SolutionConfigurationPlatforms) = preSolution
		Debug|Any CPU = Debug|Any CPU
		Release|Any CPU = Release|Any CPU
	EndGlobalSection
	GlobalSection(ProjectConfigurationPlatforms) = postSolution
		{5FF749EA-EEA4-433D-873F-26CEA9E3D368}.Debug|Any CPU.ActiveCfg = Debug|Any CPU
		{5FF749EA-EEA4-433D-873F-26CEA9E3D368}.Debug|Any CPU.Build.0 = Debug|Any CPU
		{5FF749EA-EEA4-433D-873F-26CEA9E3D368}.Release|Any CPU.ActiveCfg = Release|Any CPU
		{5FF749EA-EEA4-433D-873F-26CEA9E3D368}.Release|Any CPU.Build.0 = Release|Any CPU
		{0FB471B6-206D-4065-9695-86FD8D12A417}.Debug|Any CPU.ActiveCfg = Debug|Any CPU
		{0FB471B6-206D-4065-9695-86FD8D12A417}.Debug|Any CPU.Build.0 = Debug|Any CPU
		{0FB471B6-206D-4065-9695-86FD8D12A417}.Debug|Any CPU.Deploy.0 = Debug|Any CPU
		{0FB471B6-206D-4065-9695-86FD8D12A417}.Release|Any CPU.ActiveCfg = Release|Any CPU
		{0FB471B6-206D-4065-9695-86FD8D12A417}.Release|Any CPU.Build.0 = Release|Any CPU
		{0FB471B6-206D-4065-9695-86FD8D12A417}.Release|Any CPU.Deploy.0 = Release|Any CPU
		{B836C429-3F0E-4EA4-9749-54DC9773C54F}.Debug|Any CPU.ActiveCfg = Debug|Any CPU
		{B836C429-3F0E-4EA4-9749-54DC9773C54F}.Debug|Any CPU.Build.0 = Debug|Any CPU
		{B836C429-3F0E-4EA4-9749-54DC9773C54F}.Release|Any CPU.ActiveCfg = Release|Any CPU
		{B836C429-3F0E-4EA4-9749-54DC9773C54F}.Release|Any CPU.Build.0 = Release|Any CPU
	EndGlobalSection
	GlobalSection(SolutionProperties) = preSolution
		HideSolutionNode = FALSE
	EndGlobalSection
	GlobalSection(ExtensibilityGlobals) = postSolution
		SolutionGuid = {BD5D8ABD-6ECE-4C82-BB7B-727D161974F4}
	EndGlobalSection
EndGlobal
